
Microsoft Visual Studio Solution File, Format Version 12.00
# Visual Studio Version 16
VisualStudioVersion = 16.0.31205.134
MinimumVisualStudioVersion = 10.0.40219.1
Project("{FAE04EC0-301F-11D3-BF4B-00C04F79EFBC}") = "NuteriziConsole", "NuteriziConsole\NuteriziConsole.csproj", "{9C03E028-0CA8-4CE8-953E-E8F3E844C422}"
EndProject
Global
	GlobalSection(SolutionConfigurationPlatforms) = preSolution
		Debug|Any CPU = Debug|Any CPU
		Release|Any CPU = Release|Any CPU
	EndGlobalSection
	GlobalSection(ProjectConfigurationPlatforms) = postSolution
		{9C03E028-0CA8-4CE8-953E-E8F3E844C422}.Debug|Any CPU.ActiveCfg = Debug|Any CPU
		{9C03E028-0CA8-4CE8-953E-E8F3E844C422}.Debug|Any CPU.Build.0 = Debug|Any CPU
		{9C03E028-0CA8-4CE8-953E-E8F3E844C422}.Release|Any CPU.ActiveCfg = Release|Any CPU
		{9C03E028-0CA8-4CE8-953E-E8F3E844C422}.Release|Any CPU.Build.0 = Release|Any CPU
	EndGlobalSection
	GlobalSection(SolutionProperties) = preSolution
		HideSolutionNode = FALSE
	EndGlobalSection
	GlobalSection(ExtensibilityGlobals) = postSolution
		SolutionGuid = {CBE74F18-13C6-47CC-8FE7-8218A94D49B8}
	EndGlobalSection
EndGlobal
